
Microsoft Visual Studio Solution File, Format Version 12.00
# Visual Studio Version 17
VisualStudioVersion = 17.7.34003.232
MinimumVisualStudioVersion = 10.0.40219.1
Project("{9A19103F-16F7-4668-BE54-9A1E7A4F7556}") = "C# Coding Challenge - Old Pad Phone", "C# Coding Challenge - Old Pad Phone\C# Coding Challenge - Old Pad Phone.csproj", "{C89AD057-A446-4639-A887-FFE0C7210602}"
EndProject
Project("{9A19103F-16F7-4668-BE54-9A1E7A4F7556}") = "TestProject", "TestProject\TestProject.csproj", "{2E1AEA73-F166-483C-B0F7-CC81DCF02A36}"
EndProject
Global
	GlobalSection(SolutionConfigurationPlatforms) = preSolution
		Debug|Any CPU = Debug|Any CPU
		Release|Any CPU = Release|Any CPU
	EndGlobalSection
	GlobalSection(ProjectConfigurationPlatforms) = postSolution
		{C89AD057-A446-4639-A887-FFE0C7210602}.Debug|Any CPU.ActiveCfg = Debug|Any CPU
		{C89AD057-A446-4639-A887-FFE0C7210602}.Debug|Any CPU.Build.0 = Debug|Any CPU
		{C89AD057-A446-4639-A887-FFE0C7210602}.Release|Any CPU.ActiveCfg = Release|Any CPU
		{C89AD057-A446-4639-A887-FFE0C7210602}.Release|Any CPU.Build.0 = Release|Any CPU
		{2E1AEA73-F166-483C-B0F7-CC81DCF02A36}.Debug|Any CPU.ActiveCfg = Debug|Any CPU
		{2E1AEA73-F166-483C-B0F7-CC81DCF02A36}.Debug|Any CPU.Build.0 = Debug|Any CPU
		{2E1AEA73-F166-483C-B0F7-CC81DCF02A36}.Release|Any CPU.ActiveCfg = Release|Any CPU
		{2E1AEA73-F166-483C-B0F7-CC81DCF02A36}.Release|Any CPU.Build.0 = Release|Any CPU
	EndGlobalSection
	GlobalSection(SolutionProperties) = preSolution
		HideSolutionNode = FALSE
	EndGlobalSection
EndGlobal
